
Microsoft Visual Studio Solution File, Format Version 12.00
# Visual Studio Version 17
VisualStudioVersion = 17.7.34024.191
MinimumVisualStudioVersion = 10.0.40219.1
Project("{8BC9CEB8-8B4A-11D0-8D11-00A0C91BC942}") = "OpenGL", "OpenGL\OpenGL.vcxproj", "{F872D9BB-C54D-43EF-A2E6-AF1046A36C8A}"
EndProject
Global
	GlobalSection(SolutionConfigurationPlatforms) = preSolution
		Debug|x64 = Debug|x64
		Debug|x86 = Debug|x86
		Release|x64 = Release|x64
		Release|x86 = Release|x86
	EndGlobalSection
	GlobalSection(ProjectConfigurationPlatforms) = postSolution
		{F872D9BB-C54D-43EF-A2E6-AF1046A36C8A}.Debug|x64.ActiveCfg = Debug|x64
		{F872D9BB-C54D-43EF-A2E6-AF1046A36C8A}.Debug|x64.Build.0 = Debug|x64
		{F872D9BB-C54D-43EF-A2E6-AF1046A36C8A}.Debug|x86.ActiveCfg = Debug|Win32
		{F872D9BB-C54D-43EF-A2E6-AF1046A36C8A}.Debug|x86.Build.0 = Debug|Win32
		{F872D9BB-C54D-43EF-A2E6-AF1046A36C8A}.Release|x64.ActiveCfg = Release|x64
		{F872D9BB-C54D-43EF-A2E6-AF1046A36C8A}.Release|x64.Build.0 = Release|x64
		{F872D9BB-C54D-43EF-A2E6-AF1046A36C8A}.Release|x86.ActiveCfg = Release|Win32
		{F872D9BB-C54D-43EF-A2E6-AF1046A36C8A}.Release|x86.Build.0 = Release|Win32
	EndGlobalSection
	GlobalSection(SolutionProperties) = preSolution
		HideSolutionNode = FALSE
	EndGlobalSection
	GlobalSection(ExtensibilityGlobals) = postSolution
		SolutionGuid = {F8BFBF00-5988-4ED1-BEFC-94895275B8B2}
	EndGlobalSection
EndGlobal
